// !$*UTF8*$!
{
	archiveVersion = 1;
	classes = {
	};
	objectVersion = 52;
	objects = {

/* Begin PBXBuildFile section */
		4D19A0B123B853F800C4343E /* AppDelegate.swift in Sources */ = {isa = PBXBuildFile; fileRef = 4D19A0B023B853F800C4343E /* AppDelegate.swift */; };
		4D19A0B323B853F800C4343E /* SceneDelegate.swift in Sources */ = {isa = PBXBuildFile; fileRef = 4D19A0B223B853F800C4343E /* SceneDelegate.swift */; };
		4D19A0B523B853F800C4343E /* ExampleViewController.swift in Sources */ = {isa = PBXBuildFile; fileRef = 4D19A0B423B853F800C4343E /* ExampleViewController.swift */; };
		4D19A0B823B853F800C4343E /* Main.storyboard in Resources */ = {isa = PBXBuildFile; fileRef = 4D19A0B623B853F800C4343E /* Main.storyboard */; };
		4D19A0BA23B853F900C4343E /* Assets.xcassets in Resources */ = {isa = PBXBuildFile; fileRef = 4D19A0B923B853F900C4343E /* Assets.xcassets */; };
		4D19A0BD23B853F900C4343E /* LaunchScreen.storyboard in Resources */ = {isa = PBXBuildFile; fileRef = 4D19A0BB23B853F900C4343E /* LaunchScreen.storyboard */; };
		4DFCCC7B23BC266C00B85EE5 /* DevBoard.swift in Sources */ = {isa = PBXBuildFile; fileRef = 4DFCCC7A23BC266C00B85EE5 /* DevBoard.swift */; };
/* End PBXBuildFile section */

/* Begin PBXFileReference section */
		4D19A0AD23B853F800C4343E /* DevBoardExampleApp.app */ = {isa = PBXFileReference; explicitFileType = wrapper.application; includeInIndex = 0; path = DevBoardExampleApp.app; sourceTree = BUILT_PRODUCTS_DIR; };
		4D19A0B023B853F800C4343E /* AppDelegate.swift */ = {isa = PBXFileReference; lastKnownFileType = sourcecode.swift; path = AppDelegate.swift; sourceTree = "<group>"; };
		4D19A0B223B853F800C4343E /* SceneDelegate.swift */ = {isa = PBXFileReference; lastKnownFileType = sourcecode.swift; path = SceneDelegate.swift; sourceTree = "<group>"; };
		4D19A0B423B853F800C4343E /* ExampleViewController.swift */ = {isa = PBXFileReference; lastKnownFileType = sourcecode.swift; path = ExampleViewController.swift; sourceTree = "<group>"; };
		4D19A0B723B853F800C4343E /* Base */ = {isa = PBXFileReference; lastKnownFileType = file.storyboard; name = Base; path = Base.lproj/Main.storyboard; sourceTree = "<group>"; };
		4D19A0B923B853F900C4343E /* Assets.xcassets */ = {isa = PBXFileReference; lastKnownFileType = folder.assetcatalog; path = Assets.xcassets; sourceTree = "<group>"; };
		4D19A0BC23B853F900C4343E /* Base */ = {isa = PBXFileReference; lastKnownFileType = file.storyboard; name = Base; path = Base.lproj/LaunchScreen.storyboard; sourceTree = "<group>"; };
		4D19A0BE23B853F900C4343E /* Info.plist */ = {isa = PBXFileReference; lastKnownFileType = text.plist.xml; path = Info.plist; sourceTree = "<group>"; };
		4DFCCC7A23BC266C00B85EE5 /* DevBoard.swift */ = {isa = PBXFileReference; fileEncoding = 4; lastKnownFileType = sourcecode.swift; name = DevBoard.swift; path = ../../../Sources/DevBoard/DevBoard.swift; sourceTree = "<group>"; };
/* End PBXFileReference section */

/* Begin PBXFrameworksBuildPhase section */
		4D19A0AA23B853F800C4343E /* Frameworks */ = {
			isa = PBXFrameworksBuildPhase;
			buildActionMask = 2147483647;
			files = (
			);
			runOnlyForDeploymentPostprocessing = 0;
		};
/* End PBXFrameworksBuildPhase section */

/* Begin PBXGroup section */
		4D19A0A423B853F800C4343E = {
			isa = PBXGroup;
			children = (
				4D19A0AF23B853F800C4343E /* DevBoardExampleApp */,
				4D19A0AE23B853F800C4343E /* Products */,
			);
			sourceTree = "<group>";
		};
		4D19A0AE23B853F800C4343E /* Products */ = {
			isa = PBXGroup;
			children = (
				4D19A0AD23B853F800C4343E /* DevBoardExampleApp.app */,
			);
			name = Products;
			sourceTree = "<group>";
		};
		4D19A0AF23B853F800C4343E /* DevBoardExampleApp */ = {
			isa = PBXGroup;
			children = (
				4D19A0B423B853F800C4343E /* ExampleViewController.swift */,
				4D19A0C423B859C100C4343E /* DevBoard */,
				4D19A0C723B85A4E00C4343E /* App */,
			);
			path = DevBoardExampleApp;
			sourceTree = "<group>";
		};
		4D19A0C423B859C100C4343E /* DevBoard */ = {
			isa = PBXGroup;
			children = (
				4DFCCC7A23BC266C00B85EE5 /* DevBoard.swift */,
			);
			name = DevBoard;
			sourceTree = "<group>";
		};
		4D19A0C723B85A4E00C4343E /* App */ = {
			isa = PBXGroup;
			children = (
				4D19A0B023B853F800C4343E /* AppDelegate.swift */,
				4D19A0B223B853F800C4343E /* SceneDelegate.swift */,
				4D19A0BB23B853F900C4343E /* LaunchScreen.storyboard */,
				4D19A0B623B853F800C4343E /* Main.storyboard */,
				4D19A0B923B853F900C4343E /* Assets.xcassets */,
				4D19A0BE23B853F900C4343E /* Info.plist */,
			);
			name = App;
			sourceTree = "<group>";
		};
/* End PBXGroup section */

/* Begin PBXNativeTarget section */
		4D19A0AC23B853F800C4343E /* DevBoardExampleApp */ = {
			isa = PBXNativeTarget;
			buildConfigurationList = 4D19A0C123B853F900C4343E /* Build configuration list for PBXNativeTarget "DevBoardExampleApp" */;
			buildPhases = (
				4D19A0A923B853F800C4343E /* Sources */,
				4D19A0AA23B853F800C4343E /* Frameworks */,
				4D19A0AB23B853F800C4343E /* Resources */,
			);
			buildRules = (
			);
			dependencies = (
			);
			name = DevBoardExampleApp;
			productName = DevBoardExampleApp;
			productReference = 4D19A0AD23B853F800C4343E /* DevBoardExampleApp.app */;
			productType = "com.apple.product-type.application";
		};
/* End PBXNativeTarget section */

/* Begin PBXProject section */
		4D19A0A523B853F800C4343E /* Project object */ = {
			isa = PBXProject;
			attributes = {
				LastSwiftUpdateCheck = 1130;
				LastUpgradeCheck = 1130;
				ORGANIZATIONNAME = "Mohsan Khan";
				TargetAttributes = {
					4D19A0AC23B853F800C4343E = {
						CreatedOnToolsVersion = 11.3;
					};
				};
			};
			buildConfigurationList = 4D19A0A823B853F800C4343E /* Build configuration list for PBXProject "DevBoardExampleApp" */;
			compatibilityVersion = "Xcode 11.0";
			developmentRegion = en;
			hasScannedForEncodings = 0;
			knownRegions = (
				en,
				Base,
			);
			mainGroup = 4D19A0A423B853F800C4343E;
			productRefGroup = 4D19A0AE23B853F800C4343E /* Products */;
			projectDirPath = "";
			projectRoot = "";
			targets = (
				4D19A0AC23B853F800C4343E /* DevBoardExampleApp */,
			);
		};
/* End PBXProject section */

/* Begin PBXResourcesBuildPhase section */
		4D19A0AB23B853F800C4343E /* Resources */ = {
			isa = PBXResourcesBuildPhase;
			buildActionMask = 2147483647;
			files = (
				4D19A0BD23B853F900C4343E /* LaunchScreen.storyboard in Resources */,
				4D19A0BA23B853F900C4343E /* Assets.xcassets in Resources */,
				4D19A0B823B853F800C4343E /* Main.storyboard in Resources */,
			);
			runOnlyForDeploymentPostprocessing = 0;
		};
/* End PBXResourcesBuildPhase section */

/* Begin PBXSourcesBuildPhase section */
		4D19A0A923B853F800C4343E /* Sources */ = {
			isa = PBXSourcesBuildPhase;
			buildActionMask = 2147483647;
			files = (
				4DFCCC7B23BC266C00B85EE5 /* DevBoard.swift in Sources */,
				4D19A0B523B853F800C4343E /* ExampleViewController.swift in Sources */,
				4D19A0B123B853F800C4343E /* AppDelegate.swift in Sources */,
				4D19A0B323B853F800C4343E /* SceneDelegate.swift in Sources */,
			);
			runOnlyForDeploymentPostprocessing = 0;
		};
/* End PBXSourcesBuildPhase section */

/* Begin PBXVariantGroup section */
		4D19A0B623B853F800C4343E /* Main.storyboard */ = {
			isa = PBXVariantGroup;
			children = (
				4D19A0B723B853F800C4343E /* Base */,
			);
			name = Main.storyboard;
			sourceTree = "<group>";
		};
		4D19A0BB23B853F900C4343E /* LaunchScreen.storyboard */ = {
			isa = PBXVariantGroup;
			children = (
				4D19A0BC23B853F900C4343E /* Base */,
			);
			name = LaunchScreen.storyboard;
			sourceTree = "<group>";
		};
/* End PBXVariantGroup section */

/* Begin XCBuildConfiguration section */
		4D19A0BF23B853F900C4343E /* Debug */ = {
			isa = XCBuildConfiguration;
			buildSettings = {
				ALWAYS_SEARCH_USER_PATHS = NO;
				CLANG_ANALYZER_NONNULL = YES;
				CLANG_ANALYZER_NUMBER_OBJECT_CONVERSION = YES_AGGRESSIVE;
				CLANG_CXX_LANGUAGE_STANDARD = "gnu++14";
				CLANG_CXX_LIBRARY = "libc++";
				CLANG_ENABLE_MODULES = YES;
				CLANG_ENABLE_OBJC_ARC = YES;
				CLANG_ENABLE_OBJC_WEAK = YES;
				CLANG_WARN_BLOCK_CAPTURE_AUTORELEASING = YES;
				CLANG_WARN_BOOL_CONVERSION = YES;
				CLANG_WARN_COMMA = YES;
				CLANG_WARN_CONSTANT_CONVERSION = YES;
				CLANG_WARN_DEPRECATED_OBJC_IMPLEMENTATIONS = YES;
				CLANG_WARN_DIRECT_OBJC_ISA_USAGE = YES_ERROR;
				CLANG_WARN_DOCUMENTATION_COMMENTS = YES;
				CLANG_WARN_EMPTY_BODY = YES;
				CLANG_WARN_ENUM_CONVERSION = YES;
				CLANG_WARN_INFINITE_RECURSION = YES;
				CLANG_WARN_INT_CONVERSION = YES;
				CLANG_WARN_NON_LITERAL_NULL_CONVERSION = YES;
				CLANG_WARN_OBJC_IMPLICIT_RETAIN_SELF = YES;
				CLANG_WARN_OBJC_LITERAL_CONVERSION = YES;
				CLANG_WARN_OBJC_ROOT_CLASS = YES_ERROR;
				CLANG_WARN_RANGE_LOOP_ANALYSIS = YES;
				CLANG_WARN_STRICT_PROTOTYPES = YES;
				CLANG_WARN_SUSPICIOUS_MOVE = YES;
				CLANG_WARN_UNGUARDED_AVAILABILITY = YES_AGGRESSIVE;
				CLANG_WARN_UNREACHABLE_CODE = YES;
				CLANG_WARN__DUPLICATE_METHOD_MATCH = YES;
				COPY_PHASE_STRIP = NO;
				DEBUG_INFORMATION_FORMAT = dwarf;
				ENABLE_STRICT_OBJC_MSGSEND = YES;
				ENABLE_TESTABILITY = YES;
				GCC_C_LANGUAGE_STANDARD = gnu11;
				GCC_DYNAMIC_NO_PIC = NO;
				GCC_NO_COMMON_BLOCKS = YES;
				GCC_OPTIMIZATION_LEVEL = 0;
				GCC_PREPROCESSOR_DEFINITIONS = (
					"DEBUG=1",
					"$(inherited)",
				);
				GCC_WARN_64_TO_32_BIT_CONVERSION = YES;
				GCC_WARN_ABOUT_RETURN_TYPE = YES_ERROR;
				GCC_WARN_UNDECLARED_SELECTOR = YES;
				GCC_WARN_UNINITIALIZED_AUTOS = YES_AGGRESSIVE;
				GCC_WARN_UNUSED_FUNCTION = YES;
				GCC_WARN_UNUSED_VARIABLE = YES;
				IPHONEOS_DEPLOYMENT_TARGET = 13.0;
				MTL_ENABLE_DEBUG_INFO = INCLUDE_SOURCE;
				MTL_FAST_MATH = YES;
				ONLY_ACTIVE_ARCH = YES;
				SDKROOT = iphoneos;
				SWIFT_ACTIVE_COMPILATION_CONDITIONS = DEBUG;
				SWIFT_OPTIMIZATION_LEVEL = "-Onone";
			};
			name = Debug;
		};
		4D19A0C023B853F900C4343E /* Release */ = {
			isa = XCBuildConfiguration;
			buildSettings = {
				ALWAYS_SEARCH_USER_PATHS = NO;
				CLANG_ANALYZER_NONNULL = YES;
				CLANG_ANALYZER_NUMBER_OBJECT_CONVERSION = YES_AGGRESSIVE;
				CLANG_CXX_LANGUAGE_STANDARD = "gnu++14";
				CLANG_CXX_LIBRARY = "libc++";
				CLANG_ENABLE_MODULES = YES;
				CLANG_ENABLE_OBJC_ARC = YES;
				CLANG_ENABLE_OBJC_WEAK = YES;
				CLANG_WARN_BLOCK_CAPTURE_AUTORELEASING = YES;
				CLANG_WARN_BOOL_CONVERSION = YES;
				CLANG_WARN_COMMA = YES;
				CLANG_WARN_CONSTANT_CONVERSION = YES;
				CLANG_WARN_DEPRECATED_OBJC_IMPLEMENTATIONS = YES;
				CLANG_WARN_DIRECT_OBJC_ISA_USAGE = YES_ERROR;
				CLANG_WARN_DOCUMENTATION_COMMENTS = YES;
				CLANG_WARN_EMPTY_BODY = YES;
				CLANG_WARN_ENUM_CONVERSION = YES;
				CLANG_WARN_INFINITE_RECURSION = YES;
				CLANG_WARN_INT_CONVERSION = YES;
				CLANG_WARN_NON_LITERAL_NULL_CONVERSION = YES;
				CLANG_WARN_OBJC_IMPLICIT_RETAIN_SELF = YES;
				CLANG_WARN_OBJC_LITERAL_CONVERSION = YES;
				CLANG_WARN_OBJC_ROOT_CLASS = YES_ERROR;
				CLANG_WARN_RANGE_LOOP_ANALYSIS = YES;
				CLANG_WARN_STRICT_PROTOTYPES = YES;
				CLANG_WARN_SUSPICIOUS_MOVE = YES;
				CLANG_WARN_UNGUARDED_AVAILABILITY = YES_AGGRESSIVE;
				CLANG_WARN_UNREACHABLE_CODE = YES;
				CLANG_WARN__DUPLICATE_METHOD_MATCH = YES;
				COPY_PHASE_STRIP = NO;
				DEBUG_INFORMATION_FORMAT = "dwarf-with-dsym";
				ENABLE_NS_ASSERTIONS = NO;
				ENABLE_STRICT_OBJC_MSGSEND = YES;
				GCC_C_LANGUAGE_STANDARD = gnu11;
				GCC_NO_COMMON_BLOCKS = YES;
				GCC_WARN_64_TO_32_BIT_CONVERSION = YES;
				GCC_WARN_ABOUT_RETURN_TYPE = YES_ERROR;
				GCC_WARN_UNDECLARED_SELECTOR = YES;
				GCC_WARN_UNINITIALIZED_AUTOS = YES_AGGRESSIVE;
				GCC_WARN_UNUSED_FUNCTION = YES;
				GCC_WARN_UNUSED_VARIABLE = YES;
				IPHONEOS_DEPLOYMENT_TARGET = 13.0;
				MTL_ENABLE_DEBUG_INFO = NO;
				MTL_FAST_MATH = YES;
				SDKROOT = iphoneos;
				SWIFT_COMPILATION_MODE = wholemodule;
				SWIFT_OPTIMIZATION_LEVEL = "-O";
				VALIDATE_PRODUCT = YES;
			};
			name = Release;
		};
		4D19A0C223B853F900C4343E /* Debug */ = {
			isa = XCBuildConfiguration;
			buildSettings = {
				ASSETCATALOG_COMPILER_APPICON_NAME = AppIcon;
				CODE_SIGN_STYLE = Automatic;
				INFOPLIST_FILE = DevBoardExampleApp/Info.plist;
				LD_RUNPATH_SEARCH_PATHS = (
					"$(inherited)",
					"@executable_path/Frameworks",
				);
				MARKETING_VERSION = 1.1.0;
				PRODUCT_BUNDLE_IDENTIFIER = com.devboard.DevBoardExampleApp;
				PRODUCT_NAME = "$(TARGET_NAME)";
				SWIFT_VERSION = 5.0;
				TARGETED_DEVICE_FAMILY = 1;
			};
			name = Debug;
		};
		4D19A0C323B853F900C4343E /* Release */ = {
			isa = XCBuildConfiguration;
			buildSettings = {
				ASSETCATALOG_COMPILER_APPICON_NAME = AppIcon;
				CODE_SIGN_STYLE = Automatic;
				INFOPLIST_FILE = DevBoardExampleApp/Info.plist;
				LD_RUNPATH_SEARCH_PATHS = (
					"$(inherited)",
					"@executable_path/Frameworks",
				);
				MARKETING_VERSION = 1.1.0;
				PRODUCT_BUNDLE_IDENTIFIER = com.devboard.DevBoardExampleApp;
				PRODUCT_NAME = "$(TARGET_NAME)";
				SWIFT_VERSION = 5.0;
				TARGETED_DEVICE_FAMILY = 1;
			};
			name = Release;
		};
/* End XCBuildConfiguration section */

/* Begin XCConfigurationList section */
		4D19A0A823B853F800C4343E /* Build configuration list for PBXProject "DevBoardExampleApp" */ = {
			isa = XCConfigurationList;
			buildConfigurations = (
				4D19A0BF23B853F900C4343E /* Debug */,
				4D19A0C023B853F900C4343E /* Release */,
			);
			defaultConfigurationIsVisible = 0;
			defaultConfigurationName = Release;
		};
		4D19A0C123B853F900C4343E /* Build configuration list for PBXNativeTarget "DevBoardExampleApp" */ = {
			isa = XCConfigurationList;
			buildConfigurations = (
				4D19A0C223B853F900C4343E /* Debug */,
				4D19A0C323B853F900C4343E /* Release */,
			);
			defaultConfigurationIsVisible = 0;
			defaultConfigurationName = Release;
		};
/* End XCConfigurationList section */
	};
	rootObject = 4D19A0A523B853F800C4343E /* Project object */;
}
